// !$*UTF8*$!
{
	archiveVersion = 1;
	classes = {
	};
	objectVersion = 48;
	objects = {

/* Begin PBXBuildFile section */
		7E031FFD218A2B8E002165EF /* ListViewController.swift in Sources */ = {isa = PBXBuildFile; fileRef = 7E031FFC218A2B8E002165EF /* ListViewController.swift */; };
		7E5803C62188C4AC008993B4 /* AppDelegate.swift in Sources */ = {isa = PBXBuildFile; fileRef = 7E5803C52188C4AC008993B4 /* AppDelegate.swift */; };
		7E5803C82188C4AC008993B4 /* ViewController.swift in Sources */ = {isa = PBXBuildFile; fileRef = 7E5803C72188C4AC008993B4 /* ViewController.swift */; };
		7E5803CB2188C4AC008993B4 /* Main.storyboard in Resources */ = {isa = PBXBuildFile; fileRef = 7E5803C92188C4AC008993B4 /* Main.storyboard */; };
		7E5803CD2188C4AC008993B4 /* Assets.xcassets in Resources */ = {isa = PBXBuildFile; fileRef = 7E5803CC2188C4AC008993B4 /* Assets.xcassets */; };
		7E5803D02188C4AC008993B4 /* LaunchScreen.storyboard in Resources */ = {isa = PBXBuildFile; fileRef = 7E5803CE2188C4AC008993B4 /* LaunchScreen.storyboard */; };
		7E9FDEF6218A4FCD002CCC5C /* ListTableViewCell.swift in Sources */ = {isa = PBXBuildFile; fileRef = 7E9FDEF5218A4FCD002CCC5C /* ListTableViewCell.swift */; };
		7E9FDEF8218A646D002CCC5C /* MoleculeViewController.swift in Sources */ = {isa = PBXBuildFile; fileRef = 7E9FDEF7218A646D002CCC5C /* MoleculeViewController.swift */; };
		7EBC6AFA218B5D4800C33030 /* list.txt in Resources */ = {isa = PBXBuildFile; fileRef = 7EBC6AF9218B5D4700C33030 /* list.txt */; };
		7EE336C7218BAA970071DDBC /* MoleculeInformation.swift in Sources */ = {isa = PBXBuildFile; fileRef = 7EE336C6218BAA970071DDBC /* MoleculeInformation.swift */; };
/* End PBXBuildFile section */

/* Begin PBXFileReference section */
		7E031FFC218A2B8E002165EF /* ListViewController.swift */ = {isa = PBXFileReference; lastKnownFileType = sourcecode.swift; path = ListViewController.swift; sourceTree = "<group>"; };
		7E5803C22188C4AC008993B4 /* Swifty Protein.app */ = {isa = PBXFileReference; explicitFileType = wrapper.application; includeInIndex = 0; path = "Swifty Protein.app"; sourceTree = BUILT_PRODUCTS_DIR; };
		7E5803C52188C4AC008993B4 /* AppDelegate.swift */ = {isa = PBXFileReference; lastKnownFileType = sourcecode.swift; path = AppDelegate.swift; sourceTree = "<group>"; };
		7E5803C72188C4AC008993B4 /* ViewController.swift */ = {isa = PBXFileReference; lastKnownFileType = sourcecode.swift; path = ViewController.swift; sourceTree = "<group>"; };
		7E5803CA2188C4AC008993B4 /* Base */ = {isa = PBXFileReference; lastKnownFileType = file.storyboard; name = Base; path = Base.lproj/Main.storyboard; sourceTree = "<group>"; };
		7E5803CC2188C4AC008993B4 /* Assets.xcassets */ = {isa = PBXFileReference; lastKnownFileType = folder.assetcatalog; path = Assets.xcassets; sourceTree = "<group>"; };
		7E5803CF2188C4AC008993B4 /* Base */ = {isa = PBXFileReference; lastKnownFileType = file.storyboard; name = Base; path = Base.lproj/LaunchScreen.storyboard; sourceTree = "<group>"; };
		7E5803D12188C4AC008993B4 /* Info.plist */ = {isa = PBXFileReference; lastKnownFileType = text.plist.xml; path = Info.plist; sourceTree = "<group>"; };
		7E9FDEF5218A4FCD002CCC5C /* ListTableViewCell.swift */ = {isa = PBXFileReference; lastKnownFileType = sourcecode.swift; path = ListTableViewCell.swift; sourceTree = "<group>"; };
		7E9FDEF7218A646D002CCC5C /* MoleculeViewController.swift */ = {isa = PBXFileReference; lastKnownFileType = sourcecode.swift; path = MoleculeViewController.swift; sourceTree = "<group>"; };
		7EBC6AF9218B5D4700C33030 /* list.txt */ = {isa = PBXFileReference; fileEncoding = 4; lastKnownFileType = text; path = list.txt; sourceTree = "<group>"; };
		7EE336C6218BAA970071DDBC /* MoleculeInformation.swift */ = {isa = PBXFileReference; lastKnownFileType = sourcecode.swift; path = MoleculeInformation.swift; sourceTree = "<group>"; };
/* End PBXFileReference section */

/* Begin PBXFrameworksBuildPhase section */
		7E5803BF2188C4AC008993B4 /* Frameworks */ = {
			isa = PBXFrameworksBuildPhase;
			buildActionMask = 2147483647;
			files = (
			);
			runOnlyForDeploymentPostprocessing = 0;
		};
/* End PBXFrameworksBuildPhase section */

/* Begin PBXGroup section */
		7E5803B92188C4AC008993B4 = {
			isa = PBXGroup;
			children = (
				7E5803C42188C4AC008993B4 /* Swifty Protein */,
				7E5803C32188C4AC008993B4 /* Products */,
			);
			sourceTree = "<group>";
		};
		7E5803C32188C4AC008993B4 /* Products */ = {
			isa = PBXGroup;
			children = (
				7E5803C22188C4AC008993B4 /* Swifty Protein.app */,
			);
			name = Products;
			sourceTree = "<group>";
		};
		7E5803C42188C4AC008993B4 /* Swifty Protein */ = {
			isa = PBXGroup;
			children = (
				7E5803C52188C4AC008993B4 /* AppDelegate.swift */,
				7EE336C3218BA9F20071DDBC /* Structs */,
				7E9FDEF4218A4FA5002CCC5C /* TableViewCells */,
				7E602F90218A0B130072F6EC /* ViewControllers */,
				7E5803C92188C4AC008993B4 /* Main.storyboard */,
				7E5803CC2188C4AC008993B4 /* Assets.xcassets */,
				7E5803CE2188C4AC008993B4 /* LaunchScreen.storyboard */,
				7E5803D12188C4AC008993B4 /* Info.plist */,
				7EBC6AF9218B5D4700C33030 /* list.txt */,
			);
			path = "Swifty Protein";
			sourceTree = "<group>";
		};
		7E602F90218A0B130072F6EC /* ViewControllers */ = {
			isa = PBXGroup;
			children = (
				7E5803C72188C4AC008993B4 /* ViewController.swift */,
				7E031FFC218A2B8E002165EF /* ListViewController.swift */,
				7E9FDEF7218A646D002CCC5C /* MoleculeViewController.swift */,
			);
			path = ViewControllers;
			sourceTree = "<group>";
		};
		7E9FDEF4218A4FA5002CCC5C /* TableViewCells */ = {
			isa = PBXGroup;
			children = (
				7E9FDEF5218A4FCD002CCC5C /* ListTableViewCell.swift */,
			);
			path = TableViewCells;
			sourceTree = "<group>";
		};
		7EE336C3218BA9F20071DDBC /* Structs */ = {
			isa = PBXGroup;
			children = (
				7EE336C6218BAA970071DDBC /* MoleculeInformation.swift */,
			);
			path = Structs;
			sourceTree = "<group>";
		};
/* End PBXGroup section */

/* Begin PBXNativeTarget section */
		7E5803C12188C4AC008993B4 /* Swifty Protein */ = {
			isa = PBXNativeTarget;
			buildConfigurationList = 7E5803D42188C4AC008993B4 /* Build configuration list for PBXNativeTarget "Swifty Protein" */;
			buildPhases = (
				7E5803BE2188C4AC008993B4 /* Sources */,
				7E5803BF2188C4AC008993B4 /* Frameworks */,
				7E5803C02188C4AC008993B4 /* Resources */,
			);
			buildRules = (
			);
			dependencies = (
			);
			name = "Swifty Protein";
			productName = "Swifty Protein";
			productReference = 7E5803C22188C4AC008993B4 /* Swifty Protein.app */;
			productType = "com.apple.product-type.application";
		};
/* End PBXNativeTarget section */

/* Begin PBXProject section */
		7E5803BA2188C4AC008993B4 /* Project object */ = {
			isa = PBXProject;
			attributes = {
				LastSwiftUpdateCheck = 0920;
				LastUpgradeCheck = 0920;
				ORGANIZATIONNAME = "Jimmy CHEN-MA";
				TargetAttributes = {
					7E5803C12188C4AC008993B4 = {
						CreatedOnToolsVersion = 9.2;
						ProvisioningStyle = Automatic;
					};
				};
			};
			buildConfigurationList = 7E5803BD2188C4AC008993B4 /* Build configuration list for PBXProject "Swifty Protein" */;
			compatibilityVersion = "Xcode 8.0";
			developmentRegion = en;
			hasScannedForEncodings = 0;
			knownRegions = (
				en,
				Base,
			);
			mainGroup = 7E5803B92188C4AC008993B4;
			productRefGroup = 7E5803C32188C4AC008993B4 /* Products */;
			projectDirPath = "";
			projectRoot = "";
			targets = (
				7E5803C12188C4AC008993B4 /* Swifty Protein */,
			);
		};
/* End PBXProject section */

/* Begin PBXResourcesBuildPhase section */
		7E5803C02188C4AC008993B4 /* Resources */ = {
			isa = PBXResourcesBuildPhase;
			buildActionMask = 2147483647;
			files = (
				7E5803D02188C4AC008993B4 /* LaunchScreen.storyboard in Resources */,
				7E5803CD2188C4AC008993B4 /* Assets.xcassets in Resources */,
				7EBC6AFA218B5D4800C33030 /* list.txt in Resources */,
				7E5803CB2188C4AC008993B4 /* Main.storyboard in Resources */,
			);
			runOnlyForDeploymentPostprocessing = 0;
		};
/* End PBXResourcesBuildPhase section */

/* Begin PBXSourcesBuildPhase section */
		7E5803BE2188C4AC008993B4 /* Sources */ = {
			isa = PBXSourcesBuildPhase;
			buildActionMask = 2147483647;
			files = (
				7EE336C7218BAA970071DDBC /* MoleculeInformation.swift in Sources */,
				7E5803C82188C4AC008993B4 /* ViewController.swift in Sources */,
				7E9FDEF8218A646D002CCC5C /* MoleculeViewController.swift in Sources */,
				7E9FDEF6218A4FCD002CCC5C /* ListTableViewCell.swift in Sources */,
				7E5803C62188C4AC008993B4 /* AppDelegate.swift in Sources */,
				7E031FFD218A2B8E002165EF /* ListViewController.swift in Sources */,
			);
			runOnlyForDeploymentPostprocessing = 0;
		};
/* End PBXSourcesBuildPhase section */

/* Begin PBXVariantGroup section */
		7E5803C92188C4AC008993B4 /* Main.storyboard */ = {
			isa = PBXVariantGroup;
			children = (
				7E5803CA2188C4AC008993B4 /* Base */,
			);
			name = Main.storyboard;
			sourceTree = "<group>";
		};
		7E5803CE2188C4AC008993B4 /* LaunchScreen.storyboard */ = {
			isa = PBXVariantGroup;
			children = (
				7E5803CF2188C4AC008993B4 /* Base */,
			);
			name = LaunchScreen.storyboard;
			sourceTree = "<group>";
		};
/* End PBXVariantGroup section */

/* Begin XCBuildConfiguration section */
		7E5803D22188C4AC008993B4 /* Debug */ = {
			isa = XCBuildConfiguration;
			buildSettings = {
				ALWAYS_SEARCH_USER_PATHS = NO;
				CLANG_ANALYZER_NONNULL = YES;
				CLANG_ANALYZER_NUMBER_OBJECT_CONVERSION = YES_AGGRESSIVE;
				CLANG_CXX_LANGUAGE_STANDARD = "gnu++14";
				CLANG_CXX_LIBRARY = "libc++";
				CLANG_ENABLE_MODULES = YES;
				CLANG_ENABLE_OBJC_ARC = YES;
				CLANG_WARN_BLOCK_CAPTURE_AUTORELEASING = YES;
				CLANG_WARN_BOOL_CONVERSION = YES;
				CLANG_WARN_COMMA = YES;
				CLANG_WARN_CONSTANT_CONVERSION = YES;
				CLANG_WARN_DIRECT_OBJC_ISA_USAGE = YES_ERROR;
				CLANG_WARN_DOCUMENTATION_COMMENTS = YES;
				CLANG_WARN_EMPTY_BODY = YES;
				CLANG_WARN_ENUM_CONVERSION = YES;
				CLANG_WARN_INFINITE_RECURSION = YES;
				CLANG_WARN_INT_CONVERSION = YES;
				CLANG_WARN_NON_LITERAL_NULL_CONVERSION = YES;
				CLANG_WARN_OBJC_LITERAL_CONVERSION = YES;
				CLANG_WARN_OBJC_ROOT_CLASS = YES_ERROR;
				CLANG_WARN_RANGE_LOOP_ANALYSIS = YES;
				CLANG_WARN_STRICT_PROTOTYPES = YES;
				CLANG_WARN_SUSPICIOUS_MOVE = YES;
				CLANG_WARN_UNGUARDED_AVAILABILITY = YES_AGGRESSIVE;
				CLANG_WARN_UNREACHABLE_CODE = YES;
				CLANG_WARN__DUPLICATE_METHOD_MATCH = YES;
				CODE_SIGN_IDENTITY = "iPhone Developer";
				COPY_PHASE_STRIP = NO;
				DEBUG_INFORMATION_FORMAT = dwarf;
				ENABLE_STRICT_OBJC_MSGSEND = YES;
				ENABLE_TESTABILITY = YES;
				GCC_C_LANGUAGE_STANDARD = gnu11;
				GCC_DYNAMIC_NO_PIC = NO;
				GCC_NO_COMMON_BLOCKS = YES;
				GCC_OPTIMIZATION_LEVEL = 0;
				GCC_PREPROCESSOR_DEFINITIONS = (
					"DEBUG=1",
					"$(inherited)",
				);
				GCC_WARN_64_TO_32_BIT_CONVERSION = YES;
				GCC_WARN_ABOUT_RETURN_TYPE = YES_ERROR;
				GCC_WARN_UNDECLARED_SELECTOR = YES;
				GCC_WARN_UNINITIALIZED_AUTOS = YES_AGGRESSIVE;
				GCC_WARN_UNUSED_FUNCTION = YES;
				GCC_WARN_UNUSED_VARIABLE = YES;
				IPHONEOS_DEPLOYMENT_TARGET = 11.2;
				MTL_ENABLE_DEBUG_INFO = YES;
				ONLY_ACTIVE_ARCH = YES;
				SDKROOT = iphoneos;
				SWIFT_ACTIVE_COMPILATION_CONDITIONS = DEBUG;
				SWIFT_OPTIMIZATION_LEVEL = "-Onone";
			};
			name = Debug;
		};
		7E5803D32188C4AC008993B4 /* Release */ = {
			isa = XCBuildConfiguration;
			buildSettings = {
				ALWAYS_SEARCH_USER_PATHS = NO;
				CLANG_ANALYZER_NONNULL = YES;
				CLANG_ANALYZER_NUMBER_OBJECT_CONVERSION = YES_AGGRESSIVE;
				CLANG_CXX_LANGUAGE_STANDARD = "gnu++14";
				CLANG_CXX_LIBRARY = "libc++";
				CLANG_ENABLE_MODULES = YES;
				CLANG_ENABLE_OBJC_ARC = YES;
				CLANG_WARN_BLOCK_CAPTURE_AUTORELEASING = YES;
				CLANG_WARN_BOOL_CONVERSION = YES;
				CLANG_WARN_COMMA = YES;
				CLANG_WARN_CONSTANT_CONVERSION = YES;
				CLANG_WARN_DIRECT_OBJC_ISA_USAGE = YES_ERROR;
				CLANG_WARN_DOCUMENTATION_COMMENTS = YES;
				CLANG_WARN_EMPTY_BODY = YES;
				CLANG_WARN_ENUM_CONVERSION = YES;
				CLANG_WARN_INFINITE_RECURSION = YES;
				CLANG_WARN_INT_CONVERSION = YES;
				CLANG_WARN_NON_LITERAL_NULL_CONVERSION = YES;
				CLANG_WARN_OBJC_LITERAL_CONVERSION = YES;
				CLANG_WARN_OBJC_ROOT_CLASS = YES_ERROR;
				CLANG_WARN_RANGE_LOOP_ANALYSIS = YES;
				CLANG_WARN_STRICT_PROTOTYPES = YES;
				CLANG_WARN_SUSPICIOUS_MOVE = YES;
				CLANG_WARN_UNGUARDED_AVAILABILITY = YES_AGGRESSIVE;
				CLANG_WARN_UNREACHABLE_CODE = YES;
				CLANG_WARN__DUPLICATE_METHOD_MATCH = YES;
				CODE_SIGN_IDENTITY = "iPhone Developer";
				COPY_PHASE_STRIP = NO;
				DEBUG_INFORMATION_FORMAT = "dwarf-with-dsym";
				ENABLE_NS_ASSERTIONS = NO;
				ENABLE_STRICT_OBJC_MSGSEND = YES;
				GCC_C_LANGUAGE_STANDARD = gnu11;
				GCC_NO_COMMON_BLOCKS = YES;
				GCC_WARN_64_TO_32_BIT_CONVERSION = YES;
				GCC_WARN_ABOUT_RETURN_TYPE = YES_ERROR;
				GCC_WARN_UNDECLARED_SELECTOR = YES;
				GCC_WARN_UNINITIALIZED_AUTOS = YES_AGGRESSIVE;
				GCC_WARN_UNUSED_FUNCTION = YES;
				GCC_WARN_UNUSED_VARIABLE = YES;
				IPHONEOS_DEPLOYMENT_TARGET = 11.2;
				MTL_ENABLE_DEBUG_INFO = NO;
				SDKROOT = iphoneos;
				SWIFT_OPTIMIZATION_LEVEL = "-Owholemodule";
				VALIDATE_PRODUCT = YES;
			};
			name = Release;
		};
		7E5803D52188C4AC008993B4 /* Debug */ = {
			isa = XCBuildConfiguration;
			buildSettings = {
				ASSETCATALOG_COMPILER_APPICON_NAME = AppIcon;
				CODE_SIGN_STYLE = Automatic;
				INFOPLIST_FILE = "Swifty Protein/Info.plist";
				LD_RUNPATH_SEARCH_PATHS = "$(inherited) @executable_path/Frameworks";
				PRODUCT_BUNDLE_IDENTIFIER = "jichen-m.Swifty-Protein";
				PRODUCT_NAME = "$(TARGET_NAME)";
				SWIFT_VERSION = 4.0;
				TARGETED_DEVICE_FAMILY = "1,2";
			};
			name = Debug;
		};
		7E5803D62188C4AC008993B4 /* Release */ = {
			isa = XCBuildConfiguration;
			buildSettings = {
				ASSETCATALOG_COMPILER_APPICON_NAME = AppIcon;
				CODE_SIGN_STYLE = Automatic;
				INFOPLIST_FILE = "Swifty Protein/Info.plist";
				LD_RUNPATH_SEARCH_PATHS = "$(inherited) @executable_path/Frameworks";
				PRODUCT_BUNDLE_IDENTIFIER = "jichen-m.Swifty-Protein";
				PRODUCT_NAME = "$(TARGET_NAME)";
				SWIFT_VERSION = 4.0;
				TARGETED_DEVICE_FAMILY = "1,2";
			};
			name = Release;
		};
/* End XCBuildConfiguration section */

/* Begin XCConfigurationList section */
		7E5803BD2188C4AC008993B4 /* Build configuration list for PBXProject "Swifty Protein" */ = {
			isa = XCConfigurationList;
			buildConfigurations = (
				7E5803D22188C4AC008993B4 /* Debug */,
				7E5803D32188C4AC008993B4 /* Release */,
			);
			defaultConfigurationIsVisible = 0;
			defaultConfigurationName = Release;
		};
		7E5803D42188C4AC008993B4 /* Build configuration list for PBXNativeTarget "Swifty Protein" */ = {
			isa = XCConfigurationList;
			buildConfigurations = (
				7E5803D52188C4AC008993B4 /* Debug */,
				7E5803D62188C4AC008993B4 /* Release */,
			);
			defaultConfigurationIsVisible = 0;
			defaultConfigurationName = Release;
		};
/* End XCConfigurationList section */
	};
	rootObject = 7E5803BA2188C4AC008993B4 /* Project object */;
}
